
Microsoft Visual Studio Solution File, Format Version 12.00
# Visual Studio Version 17
VisualStudioVersion = 17.4.33205.214
MinimumVisualStudioVersion = 10.0.40219.1
Project("{FAE04EC0-301F-11D3-BF4B-00C04F79EFBC}") = "BTL_Nhom7_N05", "BTL_Nhom7_N05\BTL_Nhom7_N05.csproj", "{0E3E2CDE-F941-4820-A40C-FE667B047886}"
EndProject
Global
	GlobalSection(SolutionConfigurationPlatforms) = preSolution
		Debug|Any CPU = Debug|Any CPU
		Release|Any CPU = Release|Any CPU
	EndGlobalSection
	GlobalSection(ProjectConfigurationPlatforms) = postSolution
		{0E3E2CDE-F941-4820-A40C-FE667B047886}.Debug|Any CPU.ActiveCfg = Debug|Any CPU
		{0E3E2CDE-F941-4820-A40C-FE667B047886}.Debug|Any CPU.Build.0 = Debug|Any CPU
		{0E3E2CDE-F941-4820-A40C-FE667B047886}.Release|Any CPU.ActiveCfg = Release|Any CPU
		{0E3E2CDE-F941-4820-A40C-FE667B047886}.Release|Any CPU.Build.0 = Release|Any CPU
	EndGlobalSection
	GlobalSection(SolutionProperties) = preSolution
		HideSolutionNode = FALSE
	EndGlobalSection
	GlobalSection(ExtensibilityGlobals) = postSolution
		SolutionGuid = {D8E6CBC8-42B9-43C2-82FC-3E1CA77161A2}
	EndGlobalSection
EndGlobal
